
Microsoft Visual Studio Solution File, Format Version 12.00
# Visual Studio 15
VisualStudioVersion = 15.0.28307.852
MinimumVisualStudioVersion = 10.0.40219.1
Project("{FAE04EC0-301F-11D3-BF4B-00C04F79EFBC}") = "UAS_20170140120_DeckyAprianto", "UAS_20170140120_DeckyAprianto\UAS_20170140120_DeckyAprianto.csproj", "{3348C1D4-1EDD-427C-8567-98A09A7B2309}"
EndProject
Global
	GlobalSection(SolutionConfigurationPlatforms) = preSolution
		Debug|Any CPU = Debug|Any CPU
		Release|Any CPU = Release|Any CPU
	EndGlobalSection
	GlobalSection(ProjectConfigurationPlatforms) = postSolution
		{3348C1D4-1EDD-427C-8567-98A09A7B2309}.Debug|Any CPU.ActiveCfg = Debug|Any CPU
		{3348C1D4-1EDD-427C-8567-98A09A7B2309}.Debug|Any CPU.Build.0 = Debug|Any CPU
		{3348C1D4-1EDD-427C-8567-98A09A7B2309}.Release|Any CPU.ActiveCfg = Release|Any CPU
		{3348C1D4-1EDD-427C-8567-98A09A7B2309}.Release|Any CPU.Build.0 = Release|Any CPU
	EndGlobalSection
	GlobalSection(SolutionProperties) = preSolution
		HideSolutionNode = FALSE
	EndGlobalSection
	GlobalSection(ExtensibilityGlobals) = postSolution
		SolutionGuid = {0ACDD06C-13B2-4A8F-80BB-8E4A98A4FB3A}
	EndGlobalSection
EndGlobal
